
Microsoft Visual Studio Solution File, Format Version 12.00
# Visual Studio Version 16
VisualStudioVersion = 16.0.31129.286
MinimumVisualStudioVersion = 10.0.40219.1
Project("{FAE04EC0-301F-11D3-BF4B-00C04F79EFBC}") = "PlayGround.Core", "PlayGround.Core\PlayGround.Core.csproj", "{71DA2D8C-D58A-4F02-A869-C5001CCA2E93}"
EndProject
Global
	GlobalSection(SolutionConfigurationPlatforms) = preSolution
		Debug|Any CPU = Debug|Any CPU
		Release|Any CPU = Release|Any CPU
	EndGlobalSection
	GlobalSection(ProjectConfigurationPlatforms) = postSolution
		{71DA2D8C-D58A-4F02-A869-C5001CCA2E93}.Debug|Any CPU.ActiveCfg = Debug|Any CPU
		{71DA2D8C-D58A-4F02-A869-C5001CCA2E93}.Debug|Any CPU.Build.0 = Debug|Any CPU
		{71DA2D8C-D58A-4F02-A869-C5001CCA2E93}.Release|Any CPU.ActiveCfg = Release|Any CPU
		{71DA2D8C-D58A-4F02-A869-C5001CCA2E93}.Release|Any CPU.Build.0 = Release|Any CPU
	EndGlobalSection
	GlobalSection(SolutionProperties) = preSolution
		HideSolutionNode = FALSE
	EndGlobalSection
	GlobalSection(ExtensibilityGlobals) = postSolution
		SolutionGuid = {5BC190AC-73A1-4D20-B6D2-AEFECFC66DBC}
	EndGlobalSection
EndGlobal
